hash: 262d18191fef7e370745ea76c5b5e9640e5837fe7977d4cb97be8e2d80376677
updated: 2017-02-27T00:20:37.11004659+07:00
imports:
- name: github.com/asaskevich/govalidator
  version: 7b3beb6df3c42abd3509abfc3bcacc0fbfb7c877
- name: github.com/boltdb/bolt
  version: 583e8937c61f1af6513608ccc75c97b6abdf4ff9
- name: github.com/mattn/go-colorable
  version: 6c903ff4aa50920ca86087a280590b36b3152b9c
- name: github.com/mattn/go-isatty
  version: 66b8e73f3f5cda9f96b69efd03dd3d7fc4a5cdb8
- name: github.com/mgutz/ansi
  version: 9520e82c474b0a04dd04f8a40959027271bab992
- name: github.com/mgutz/logxi
  version: aebf8a7d67ab4625e0fd4a665766fef9a709161b
  subpackages:
  - v1
- name: github.com/pressly/chi
  version: 54f435d539226571eab1987ed862b1c0fdfdc892
  subpackages:
  - render
- name: github.com/SermoDigital/jose
  version: f6df55f235c24f236d11dbcf665249a59ac2021f
  subpackages:
  - crypto
  - jws
  - jwt
- name: github.com/valyala/bytebufferpool
  version: e746df99fe4a3986f4d4f79e13c1e0117ce9c2f7
- name: github.com/valyala/fasttemplate
  version: d090d65668a286d9a180d43a19dfdc5dcad8fe88
- name: golang.org/x/crypto
  version: 3c0d69f1777220f1a1d2ec373cb94a282f03eb42
  subpackages:
  - bcrypt
- name: golang.org/x/sys
  version: c200b10b5d5e122be351b67af224adc6128af5bf
  subpackages:
  - unix
testImports:
- name: github.com/ajg/form
  version: 523a5da1a92f01b01f840b61689c0340a0243532
- name: github.com/davecgh/go-spew
  version: 6d212800a42e8ab5c146b8ace3490ee17e5225f9
  subpackages:
  - spew
- name: github.com/fatih/structs
  version: dc3312cb1a4513a366c4c9e622ad55c32df12ed3
- name: github.com/gavv/gojsondiff
  version: 36046c6e558e7f854ebd3fd97d1e9812ebe8709b
  subpackages:
  - formatter
- name: github.com/gavv/httpexpect
  version: 5ebd03c85ff8cbb52a8c149147f9b0e26a87deb2
- name: github.com/gavv/monotime
  version: 47d58efa69556a936a3c15eb2ed42706d968ab01
- name: github.com/google/go-querystring
  version: 9235644dd9e52eeae6fa48efd539fdc351a0af53
  subpackages:
  - query
- name: github.com/imkira/go-interpol
  version: 5accad8134979a6ac504d456a6c7f1c53da237ca
- name: github.com/klauspost/compress
  version: 1e658061989f47658e69492cf63a839630a25eba
  subpackages:
  - flate
  - gzip
  - zlib
- name: github.com/klauspost/cpuid
  version: 09cded8978dc9e80714c4d85b0322337b0a1e5e0
- name: github.com/klauspost/crc32
  version: cb6bfca970f6908083f26f39a79009d608efd5cd
- name: github.com/moul/http2curl
  version: b1479103caacaa39319f75e7f57fc545287fca0d
- name: github.com/pmezard/go-difflib
  version: d8ed2627bdf02c080bf22230dbb337003b7aba2d
  subpackages:
  - difflib
- name: github.com/sergi/go-diff
  version: 97b2266dfe4bd4ea1b81a463322f04f8b724801e
  subpackages:
  - diffmatchpatch
- name: github.com/stretchr/testify
  version: 69483b4bd14f5845b5a1e55bca19e954e827f1d0
  subpackages:
  - assert
  - require
- name: github.com/valyala/fasthttp
  version: cd7c1dafbc8e04e779e011bf06ee28e730780098
  subpackages:
  - fasthttputil
- name: github.com/xeipuuv/gojsonpointer
  version: e0fe6f68307607d540ed8eac07a342c33fa1b54a
- name: github.com/xeipuuv/gojsonreference
  version: e02fc20de94c78484cd5ffb007f8af96be030a45
- name: github.com/xeipuuv/gojsonschema
  version: 00f9fafb54d2244d291b86ab63d12c38bd5c3886
- name: github.com/yalp/jsonpath
  version: 31a79c7593bb93eb10b163650d4a3e6ca190e4dc
- name: github.com/yudai/golcs
  version: d1c525dea8ce39ea9a783d33cf08932305373f2c
- name: golang.org/x/net
  version: c33d37840d93fc75251f49ab83c5fc8b2faea5e8
  subpackages:
  - publicsuffix
